
Microsoft Visual Studio Solution File, Format Version 12.00
Project("{FAE04EC0-301F-11D3-BF4B-00C04F79EFBC}") = "Server", "Server\Server.csproj", "{5FD16C29-634D-463E-AB74-84399BD4F23D}"
EndProject
Project("{FAE04EC0-301F-11D3-BF4B-00C04F79EFBC}") = "Client", "Client\Client.csproj", "{F83BBE8D-5E7F-4FB5-B3E9-B3AEC2551CF5}"
EndProject
Project("{FAE04EC0-301F-11D3-BF4B-00C04F79EFBC}") = "BaseClass", "BaseClass\BaseClass.csproj", "{3EE3CD29-8D8A-4B66-B9E6-E36825953CFC}"
EndProject
Global
	GlobalSection(SolutionConfigurationPlatforms) = preSolution
		Debug|Any CPU = Debug|Any CPU
		Release|Any CPU = Release|Any CPU
	EndGlobalSection
	GlobalSection(ProjectConfigurationPlatforms) = postSolution
		{5FD16C29-634D-463E-AB74-84399BD4F23D}.Debug|Any CPU.ActiveCfg = Debug|Any CPU
		{5FD16C29-634D-463E-AB74-84399BD4F23D}.Debug|Any CPU.Build.0 = Debug|Any CPU
		{5FD16C29-634D-463E-AB74-84399BD4F23D}.Release|Any CPU.ActiveCfg = Release|Any CPU
		{5FD16C29-634D-463E-AB74-84399BD4F23D}.Release|Any CPU.Build.0 = Release|Any CPU
		{F83BBE8D-5E7F-4FB5-B3E9-B3AEC2551CF5}.Debug|Any CPU.ActiveCfg = Debug|Any CPU
		{F83BBE8D-5E7F-4FB5-B3E9-B3AEC2551CF5}.Debug|Any CPU.Build.0 = Debug|Any CPU
		{F83BBE8D-5E7F-4FB5-B3E9-B3AEC2551CF5}.Release|Any CPU.ActiveCfg = Release|Any CPU
		{F83BBE8D-5E7F-4FB5-B3E9-B3AEC2551CF5}.Release|Any CPU.Build.0 = Release|Any CPU
		{3EE3CD29-8D8A-4B66-B9E6-E36825953CFC}.Debug|Any CPU.ActiveCfg = Debug|Any CPU
		{3EE3CD29-8D8A-4B66-B9E6-E36825953CFC}.Debug|Any CPU.Build.0 = Debug|Any CPU
		{3EE3CD29-8D8A-4B66-B9E6-E36825953CFC}.Release|Any CPU.ActiveCfg = Release|Any CPU
		{3EE3CD29-8D8A-4B66-B9E6-E36825953CFC}.Release|Any CPU.Build.0 = Release|Any CPU
	EndGlobalSection
EndGlobal
